
Microsoft Visual Studio Solution File, Format Version 12.00
# Visual Studio Version 16
VisualStudioVersion = 16.0.31205.134
MinimumVisualStudioVersion = 10.0.40219.1
Project("{9A19103F-16F7-4668-BE54-9A1E7A4F7556}") = "BasicBilling.API", "BasicBilling.API.csproj", "{BE31FB82-1F77-4034-BE36-5CA7F1D7F905}"
EndProject
Global
	GlobalSection(SolutionConfigurationPlatforms) = preSolution
		Debug|Any CPU = Debug|Any CPU
		Release|Any CPU = Release|Any CPU
	EndGlobalSection
	GlobalSection(ProjectConfigurationPlatforms) = postSolution
		{BE31FB82-1F77-4034-BE36-5CA7F1D7F905}.Debug|Any CPU.ActiveCfg = Debug|Any CPU
		{BE31FB82-1F77-4034-BE36-5CA7F1D7F905}.Debug|Any CPU.Build.0 = Debug|Any CPU
		{BE31FB82-1F77-4034-BE36-5CA7F1D7F905}.Release|Any CPU.ActiveCfg = Release|Any CPU
		{BE31FB82-1F77-4034-BE36-5CA7F1D7F905}.Release|Any CPU.Build.0 = Release|Any CPU
	EndGlobalSection
	GlobalSection(SolutionProperties) = preSolution
		HideSolutionNode = FALSE
	EndGlobalSection
	GlobalSection(ExtensibilityGlobals) = postSolution
		SolutionGuid = {B8A66F38-38C8-4009-81FD-D24B8C97F0FF}
	EndGlobalSection
EndGlobal
